
Microsoft Visual Studio Solution File, Format Version 12.00
# Visual Studio 14
VisualStudioVersion = 14.0.24720.0
MinimumVisualStudioVersion = 10.0.40219.1
Project("{FAE04EC0-301F-11D3-BF4B-00C04F79EFBC}") = "AbstractTermRewriter", "AbstractTermRewriter\AbstractTermRewriter.csproj", "{372DAE8C-A479-4DB5-8ACD-BF98E372B857}"
EndProject
Project("{FAE04EC0-301F-11D3-BF4B-00C04F79EFBC}") = "RewriterTests", "RewriterTests\RewriterTests.csproj", "{000DB42E-BEBC-4F35-B3C7-0D466D30064B}"
EndProject
Global
	GlobalSection(SolutionConfigurationPlatforms) = preSolution
		Debug|Any CPU = Debug|Any CPU
		Release|Any CPU = Release|Any CPU
	EndGlobalSection
	GlobalSection(ProjectConfigurationPlatforms) = postSolution
		{372DAE8C-A479-4DB5-8ACD-BF98E372B857}.Debug|Any CPU.ActiveCfg = Debug|Any CPU
		{372DAE8C-A479-4DB5-8ACD-BF98E372B857}.Debug|Any CPU.Build.0 = Debug|Any CPU
		{372DAE8C-A479-4DB5-8ACD-BF98E372B857}.Release|Any CPU.ActiveCfg = Release|Any CPU
		{372DAE8C-A479-4DB5-8ACD-BF98E372B857}.Release|Any CPU.Build.0 = Release|Any CPU
		{000DB42E-BEBC-4F35-B3C7-0D466D30064B}.Debug|Any CPU.ActiveCfg = Debug|Any CPU
		{000DB42E-BEBC-4F35-B3C7-0D466D30064B}.Debug|Any CPU.Build.0 = Debug|Any CPU
		{000DB42E-BEBC-4F35-B3C7-0D466D30064B}.Release|Any CPU.ActiveCfg = Release|Any CPU
		{000DB42E-BEBC-4F35-B3C7-0D466D30064B}.Release|Any CPU.Build.0 = Release|Any CPU
	EndGlobalSection
	GlobalSection(SolutionProperties) = preSolution
		HideSolutionNode = FALSE
	EndGlobalSection
EndGlobal
